
Microsoft Visual Studio Solution File, Format Version 12.00
# Visual Studio Version 17
VisualStudioVersion = 17.3.32901.215
MinimumVisualStudioVersion = 10.0.40219.1
Project("{9A19103F-16F7-4668-BE54-9A1E7A4F7556}") = "TicketBookingSystem.Server", "TicketBookingSystem\TicketBookingSystem.Server\TicketBookingSystem.Server.csproj", "{A1DD4393-F28E-424B-80B1-9C659BEB2347}"
EndProject
Project("{9A19103F-16F7-4668-BE54-9A1E7A4F7556}") = "TicketBookingSystem.Client", "TicketBookingSystem\TicketBookingSystem.Client\TicketBookingSystem.Client.csproj", "{96364040-F983-4353-B548-72D4418A905E}"
EndProject
Project("{9A19103F-16F7-4668-BE54-9A1E7A4F7556}") = "TicketBookingSystem.Shared.Domain", "TicketBookingSystem\TicketBookingSystem.Shared.Domain\TicketBookingSystem.Shared.Domain.csproj", "{7BE31E40-536B-4110-9DD5-EF38F22EDA5C}"
EndProject
Project("{9A19103F-16F7-4668-BE54-9A1E7A4F7556}") = "TicketBookingSystem.Server.EntityFramework", "TicketBookingSystem\TicketBookingSystem.Server.EntityFramework\TicketBookingSystem.Server.EntityFramework.csproj", "{14349FB8-B53F-4EAF-B1DC-2C6BA92BAB15}"
EndProject
Project("{9A19103F-16F7-4668-BE54-9A1E7A4F7556}") = "TicketBookingSystem.Shared", "TicketBookingSystem\TicketBookingSystem.Shared\TicketBookingSystem.Shared.csproj", "{7CC162B9-B7A8-4516-BF92-3138DE22D723}"
EndProject
Project("{9A19103F-16F7-4668-BE54-9A1E7A4F7556}") = "TicketBookingSystem.Shared.Dictionaries", "TicketBookingSystem\TicketBookingSystem.Shared.Dictionaries\TicketBookingSystem.Shared.Dictionaries.csproj", "{16228C1A-838A-4DDE-9DB1-95094797DFF1}"
EndProject
Project("{9A19103F-16F7-4668-BE54-9A1E7A4F7556}") = "TicketBookingSystem.Server.Application.Abstraction", "TicketBookingSystem\TicketBookingSystem.Application.Abstraction\TicketBookingSystem.Server.Application.Abstraction.csproj", "{349A3261-DA67-4AC7-B7B7-A19E5320A020}"
EndProject
Project("{9A19103F-16F7-4668-BE54-9A1E7A4F7556}") = "TicketBookingSystem.Server.Application.Services", "TicketBookingSystem\TicketBookingSystem.Application.Services\TicketBookingSystem.Server.Application.Services.csproj", "{813AA738-9A8F-40F1-9542-5D686659B21E}"
EndProject
Project("{9A19103F-16F7-4668-BE54-9A1E7A4F7556}") = "TicketBookingSystem.Server.Data.Abstraction", "TicketBookingSystem\TicketBookingSystem.Data.Abstraction\TicketBookingSystem.Server.Data.Abstraction.csproj", "{471EE4FD-72C1-44EF-A4AA-0D2312D92786}"
EndProject
Project("{9A19103F-16F7-4668-BE54-9A1E7A4F7556}") = "TicketBookingSystem.Server.Data.Repositories", "TicketBookingSystem\TicketBookingSystem.Data.Repositories\TicketBookingSystem.Server.Data.Repositories.csproj", "{B8FA50EC-CBEC-4784-B767-90EF79E441A2}"
EndProject
Project("{9A19103F-16F7-4668-BE54-9A1E7A4F7556}") = "TicketBookingSystem.Client.Services", "TicketBookingSystem\TicketBookingSystem.Client.Services\TicketBookingSystem.Client.Services.csproj", "{214C347A-552E-4264-B930-687EA50A5E21}"
EndProject
Project("{9A19103F-16F7-4668-BE54-9A1E7A4F7556}") = "TicketBookingSystem.Client.Abstraction", "TicketBookingSystem\TicketBookingSystem.Client.Abstraction\TicketBookingSystem.Client.Abstraction.csproj", "{CC9677D9-9577-447B-8B24-CC26338FF8B1}"
EndProject
Project("{9A19103F-16F7-4668-BE54-9A1E7A4F7556}") = "TicketBookingSystem.Shared.Application", "TicketBookingSystem\TicketBookingSystem.Shared.Application\TicketBookingSystem.Shared.Application.csproj", "{42FEE0E4-649D-4681-8FB0-CB027B5C5914}"
EndProject
Global
	GlobalSection(SolutionConfigurationPlatforms) = preSolution
		Debug|Any CPU = Debug|Any CPU
		Release|Any CPU = Release|Any CPU
	EndGlobalSection
	GlobalSection(ProjectConfigurationPlatforms) = postSolution
		{A1DD4393-F28E-424B-80B1-9C659BEB2347}.Debug|Any CPU.ActiveCfg = Debug|Any CPU
		{A1DD4393-F28E-424B-80B1-9C659BEB2347}.Debug|Any CPU.Build.0 = Debug|Any CPU
		{A1DD4393-F28E-424B-80B1-9C659BEB2347}.Release|Any CPU.ActiveCfg = Release|Any CPU
		{A1DD4393-F28E-424B-80B1-9C659BEB2347}.Release|Any CPU.Build.0 = Release|Any CPU
		{96364040-F983-4353-B548-72D4418A905E}.Debug|Any CPU.ActiveCfg = Debug|Any CPU
		{96364040-F983-4353-B548-72D4418A905E}.Debug|Any CPU.Build.0 = Debug|Any CPU
		{96364040-F983-4353-B548-72D4418A905E}.Release|Any CPU.ActiveCfg = Release|Any CPU
		{96364040-F983-4353-B548-72D4418A905E}.Release|Any CPU.Build.0 = Release|Any CPU
		{7BE31E40-536B-4110-9DD5-EF38F22EDA5C}.Debug|Any CPU.ActiveCfg = Debug|Any CPU
		{7BE31E40-536B-4110-9DD5-EF38F22EDA5C}.Debug|Any CPU.Build.0 = Debug|Any CPU
		{7BE31E40-536B-4110-9DD5-EF38F22EDA5C}.Release|Any CPU.ActiveCfg = Release|Any CPU
		{7BE31E40-536B-4110-9DD5-EF38F22EDA5C}.Release|Any CPU.Build.0 = Release|Any CPU
		{14349FB8-B53F-4EAF-B1DC-2C6BA92BAB15}.Debug|Any CPU.ActiveCfg = Debug|Any CPU
		{14349FB8-B53F-4EAF-B1DC-2C6BA92BAB15}.Debug|Any CPU.Build.0 = Debug|Any CPU
		{14349FB8-B53F-4EAF-B1DC-2C6BA92BAB15}.Release|Any CPU.ActiveCfg = Release|Any CPU
		{14349FB8-B53F-4EAF-B1DC-2C6BA92BAB15}.Release|Any CPU.Build.0 = Release|Any CPU
		{7CC162B9-B7A8-4516-BF92-3138DE22D723}.Debug|Any CPU.ActiveCfg = Debug|Any CPU
		{7CC162B9-B7A8-4516-BF92-3138DE22D723}.Debug|Any CPU.Build.0 = Debug|Any CPU
		{7CC162B9-B7A8-4516-BF92-3138DE22D723}.Release|Any CPU.ActiveCfg = Release|Any CPU
		{7CC162B9-B7A8-4516-BF92-3138DE22D723}.Release|Any CPU.Build.0 = Release|Any CPU
		{16228C1A-838A-4DDE-9DB1-95094797DFF1}.Debug|Any CPU.ActiveCfg = Debug|Any CPU
		{16228C1A-838A-4DDE-9DB1-95094797DFF1}.Debug|Any CPU.Build.0 = Debug|Any CPU
		{16228C1A-838A-4DDE-9DB1-95094797DFF1}.Release|Any CPU.ActiveCfg = Release|Any CPU
		{16228C1A-838A-4DDE-9DB1-95094797DFF1}.Release|Any CPU.Build.0 = Release|Any CPU
		{349A3261-DA67-4AC7-B7B7-A19E5320A020}.Debug|Any CPU.ActiveCfg = Debug|Any CPU
		{349A3261-DA67-4AC7-B7B7-A19E5320A020}.Debug|Any CPU.Build.0 = Debug|Any CPU
		{349A3261-DA67-4AC7-B7B7-A19E5320A020}.Release|Any CPU.ActiveCfg = Release|Any CPU
		{349A3261-DA67-4AC7-B7B7-A19E5320A020}.Release|Any CPU.Build.0 = Release|Any CPU
		{813AA738-9A8F-40F1-9542-5D686659B21E}.Debug|Any CPU.ActiveCfg = Debug|Any CPU
		{813AA738-9A8F-40F1-9542-5D686659B21E}.Debug|Any CPU.Build.0 = Debug|Any CPU
		{813AA738-9A8F-40F1-9542-5D686659B21E}.Release|Any CPU.ActiveCfg = Release|Any CPU
		{813AA738-9A8F-40F1-9542-5D686659B21E}.Release|Any CPU.Build.0 = Release|Any CPU
		{471EE4FD-72C1-44EF-A4AA-0D2312D92786}.Debug|Any CPU.ActiveCfg = Debug|Any CPU
		{471EE4FD-72C1-44EF-A4AA-0D2312D92786}.Debug|Any CPU.Build.0 = Debug|Any CPU
		{471EE4FD-72C1-44EF-A4AA-0D2312D92786}.Release|Any CPU.ActiveCfg = Release|Any CPU
		{471EE4FD-72C1-44EF-A4AA-0D2312D92786}.Release|Any CPU.Build.0 = Release|Any CPU
		{B8FA50EC-CBEC-4784-B767-90EF79E441A2}.Debug|Any CPU.ActiveCfg = Debug|Any CPU
		{B8FA50EC-CBEC-4784-B767-90EF79E441A2}.Debug|Any CPU.Build.0 = Debug|Any CPU
		{B8FA50EC-CBEC-4784-B767-90EF79E441A2}.Release|Any CPU.ActiveCfg = Release|Any CPU
		{B8FA50EC-CBEC-4784-B767-90EF79E441A2}.Release|Any CPU.Build.0 = Release|Any CPU
		{214C347A-552E-4264-B930-687EA50A5E21}.Debug|Any CPU.ActiveCfg = Debug|Any CPU
		{214C347A-552E-4264-B930-687EA50A5E21}.Debug|Any CPU.Build.0 = Debug|Any CPU
		{214C347A-552E-4264-B930-687EA50A5E21}.Release|Any CPU.ActiveCfg = Release|Any CPU
		{214C347A-552E-4264-B930-687EA50A5E21}.Release|Any CPU.Build.0 = Release|Any CPU
		{CC9677D9-9577-447B-8B24-CC26338FF8B1}.Debug|Any CPU.ActiveCfg = Debug|Any CPU
		{CC9677D9-9577-447B-8B24-CC26338FF8B1}.Debug|Any CPU.Build.0 = Debug|Any CPU
		{CC9677D9-9577-447B-8B24-CC26338FF8B1}.Release|Any CPU.ActiveCfg = Release|Any CPU
		{CC9677D9-9577-447B-8B24-CC26338FF8B1}.Release|Any CPU.Build.0 = Release|Any CPU
		{42FEE0E4-649D-4681-8FB0-CB027B5C5914}.Debug|Any CPU.ActiveCfg = Debug|Any CPU
		{42FEE0E4-649D-4681-8FB0-CB027B5C5914}.Debug|Any CPU.Build.0 = Debug|Any CPU
		{42FEE0E4-649D-4681-8FB0-CB027B5C5914}.Release|Any CPU.ActiveCfg = Release|Any CPU
		{42FEE0E4-649D-4681-8FB0-CB027B5C5914}.Release|Any CPU.Build.0 = Release|Any CPU
	EndGlobalSection
	GlobalSection(SolutionProperties) = preSolution
		HideSolutionNode = FALSE
	EndGlobalSection
	GlobalSection(ExtensibilityGlobals) = postSolution
		SolutionGuid = {CDD43B18-0CF9-4EFD-8139-D6B918A66877}
	EndGlobalSection
EndGlobal
